// !$*UTF8*$!
{
	archiveVersion = 1;
	classes = {
	};
	objectVersion = 46;
	objects = {

/* Begin PBXBuildFile section */
		E513738A1711246B00F0F279 /* realityCheck_backgroundGradient@2x.png in Resources */ = {isa = PBXBuildFile; fileRef = E51373891711246B00F0F279 /* realityCheck_backgroundGradient@2x.png */; };
		E513738C171125DE00F0F279 /* realityCheck_loginPage_linkedInLogo.png in Resources */ = {isa = PBXBuildFile; fileRef = E513738B171125DE00F0F279 /* realityCheck_loginPage_linkedInLogo.png */; };
		E513738E171126E000F0F279 /* realityCheck_loginPage_logo.png in Resources */ = {isa = PBXBuildFile; fileRef = E513738D171126E000F0F279 /* realityCheck_loginPage_logo.png */; };
		E51373921711570F00F0F279 /* btn_realityCheck_btn_confirmYourIdentity_x2.png in Resources */ = {isa = PBXBuildFile; fileRef = E51373911711570F00F0F279 /* btn_realityCheck_btn_confirmYourIdentity_x2.png */; };
		E51373941711574600F0F279 /* btn_realityCheck_btn_reassuringTextMessages_x2.png in Resources */ = {isa = PBXBuildFile; fileRef = E51373931711574600F0F279 /* btn_realityCheck_btn_reassuringTextMessages_x2.png */; };
		E51373961711577F00F0F279 /* btn_realityCheck_btn_playWithPuppies_x2.png in Resources */ = {isa = PBXBuildFile; fileRef = E51373951711577F00F0F279 /* btn_realityCheck_btn_playWithPuppies_x2.png */; };
		E5137398171157DE00F0F279 /* btn_realityCheck_btn_tripTracker_x2.png in Resources */ = {isa = PBXBuildFile; fileRef = E5137397171157DE00F0F279 /* btn_realityCheck_btn_tripTracker_x2.png */; };
		E513739A171157F900F0F279 /* btn_realityCheck_btn_soothingSoungFlie_x2.png in Resources */ = {isa = PBXBuildFile; fileRef = E5137399171157F900F0F279 /* btn_realityCheck_btn_soothingSoungFlie_x2.png */; };
		E513739C1711640800F0F279 /* btn_realityCheck_btn_calmingImagery_x2.png in Resources */ = {isa = PBXBuildFile; fileRef = E513739B1711640800F0F279 /* btn_realityCheck_btn_calmingImagery_x2.png */; };
		E51373A01711671300F0F279 /* realityCheck_menuBarLogo@2x.png in Resources */ = {isa = PBXBuildFile; fileRef = E513739F1711671300F0F279 /* realityCheck_menuBarLogo@2x.png */; };
		E5375FB21710C122008F378B /* UIKit.framework in Frameworks */ = {isa = PBXBuildFile; fileRef = E5375FB11710C122008F378B /* UIKit.framework */; };
		E5375FB41710C122008F378B /* Foundation.framework in Frameworks */ = {isa = PBXBuildFile; fileRef = E5375FB31710C122008F378B /* Foundation.framework */; };
		E5375FB61710C122008F378B /* CoreGraphics.framework in Frameworks */ = {isa = PBXBuildFile; fileRef = E5375FB51710C122008F378B /* CoreGraphics.framework */; };
		E5375FBC1710C122008F378B /* InfoPlist.strings in Resources */ = {isa = PBXBuildFile; fileRef = E5375FBA1710C122008F378B /* InfoPlist.strings */; };
		E5375FBE1710C122008F378B /* main.m in Sources */ = {isa = PBXBuildFile; fileRef = E5375FBD1710C122008F378B /* main.m */; };
		E5375FC21710C122008F378B /* AppDelegate.m in Sources */ = {isa = PBXBuildFile; fileRef = E5375FC11710C122008F378B /* AppDelegate.m */; };
		E5375FC41710C122008F378B /* Default.png in Resources */ = {isa = PBXBuildFile; fileRef = E5375FC31710C122008F378B /* Default.png */; };
		E5375FC61710C122008F378B /* Default@2x.png in Resources */ = {isa = PBXBuildFile; fileRef = E5375FC51710C122008F378B /* Default@2x.png */; };
		E5375FC81710C122008F378B /* Default-568h@2x.png in Resources */ = {isa = PBXBuildFile; fileRef = E5375FC71710C122008F378B /* Default-568h@2x.png */; };
		E5375FCB1710C122008F378B /* MainStoryboard.storyboard in Resources */ = {isa = PBXBuildFile; fileRef = E5375FC91710C122008F378B /* MainStoryboard.storyboard */; };
		E5375FD61710C1AA008F378B /* LoginViewController.m in Sources */ = {isa = PBXBuildFile; fileRef = E5375FD51710C1AA008F378B /* LoginViewController.m */; };
		E5375FDB1710C5B1008F378B /* ChoseRealityViewController.m in Sources */ = {isa = PBXBuildFile; fileRef = E5375FDA1710C5B1008F378B /* ChoseRealityViewController.m */; };
		E5375FE41710C7AF008F378B /* Base64Transcoder.c in Sources */ = {isa = PBXBuildFile; fileRef = E5375FDE1710C7AF008F378B /* Base64Transcoder.c */; };
		E5375FE51710C7AF008F378B /* hmac.c in Sources */ = {isa = PBXBuildFile; fileRef = E5375FE01710C7AF008F378B /* hmac.c */; };
		E5375FE61710C7AF008F378B /* sha1.c in Sources */ = {isa = PBXBuildFile; fileRef = E5375FE21710C7AF008F378B /* sha1.c */; };
		E5375FEB1710C7EA008F378B /* NSString+URLEncoding.m in Sources */ = {isa = PBXBuildFile; fileRef = E5375FE81710C7EA008F378B /* NSString+URLEncoding.m */; };
		E5375FEC1710C7EA008F378B /* OAuth1Controller.m in Sources */ = {isa = PBXBuildFile; fileRef = E5375FEA1710C7EA008F378B /* OAuth1Controller.m */; };
		E5375FEF1710C88A008F378B /* LoginWebViewController.m in Sources */ = {isa = PBXBuildFile; fileRef = E5375FEE1710C889008F378B /* LoginWebViewController.m */; };
		E5375FF91710D0D4008F378B /* KeychainItemWrapper.m in Sources */ = {isa = PBXBuildFile; fileRef = E5375FF81710D0D4008F378B /* KeychainItemWrapper.m */; };
		E5375FFC1710D359008F378B /* Security.framework in Frameworks */ = {isa = PBXBuildFile; fileRef = E5375FFB1710D359008F378B /* Security.framework */; };
		E5375FFF1710D85B008F378B /* LinkedInViewController.m in Sources */ = {isa = PBXBuildFile; fileRef = E5375FFE1710D85B008F378B /* LinkedInViewController.m */; };
		E53760141710E038008F378B /* AFHTTPClient.m in Sources */ = {isa = PBXBuildFile; fileRef = E53760021710E038008F378B /* AFHTTPClient.m */; };
		E53760151710E038008F378B /* AFHTTPRequestOperation.m in Sources */ = {isa = PBXBuildFile; fileRef = E53760041710E038008F378B /* AFHTTPRequestOperation.m */; };
		E53760161710E038008F378B /* AFImageRequestOperation.m in Sources */ = {isa = PBXBuildFile; fileRef = E53760061710E038008F378B /* AFImageRequestOperation.m */; };
		E53760171710E038008F378B /* AFJSONRequestOperation.m in Sources */ = {isa = PBXBuildFile; fileRef = E53760081710E038008F378B /* AFJSONRequestOperation.m */; };
		E53760181710E038008F378B /* AFNetworkActivityIndicatorManager.m in Sources */ = {isa = PBXBuildFile; fileRef = E537600A1710E038008F378B /* AFNetworkActivityIndicatorManager.m */; };
		E53760191710E038008F378B /* AFPropertyListRequestOperation.m in Sources */ = {isa = PBXBuildFile; fileRef = E537600D1710E038008F378B /* AFPropertyListRequestOperation.m */; };
		E537601A1710E038008F378B /* AFURLConnectionOperation.m in Sources */ = {isa = PBXBuildFile; fileRef = E537600F1710E038008F378B /* AFURLConnectionOperation.m */; };
		E537601B1710E038008F378B /* AFXMLRequestOperation.m in Sources */ = {isa = PBXBuildFile; fileRef = E53760111710E038008F378B /* AFXMLRequestOperation.m */; };
		E537601C1710E038008F378B /* UIImageView+AFNetworking.m in Sources */ = {isa = PBXBuildFile; fileRef = E53760131710E038008F378B /* UIImageView+AFNetworking.m */; };
		E53760251710E355008F378B /* RCLinkedInHelper.m in Sources */ = {isa = PBXBuildFile; fileRef = E53760241710E354008F378B /* RCLinkedInHelper.m */; };
		E53760271710E73F008F378B /* MobileCoreServices.framework in Frameworks */ = {isa = PBXBuildFile; fileRef = E53760261710E73F008F378B /* MobileCoreServices.framework */; };
		E53760291710E76A008F378B /* SystemConfiguration.framework in Frameworks */ = {isa = PBXBuildFile; fileRef = E53760281710E76A008F378B /* SystemConfiguration.framework */; };
		E5767FFD1711166F00DCC1E4 /* PuppiesViewController.m in Sources */ = {isa = PBXBuildFile; fileRef = E5767FFC1711166F00DCC1E4 /* PuppiesViewController.m */; };
		E5A20C7B1710EB2900DB912F /* btn_calmingImagery_btnMode_broken_@2x.png in Resources */ = {isa = PBXBuildFile; fileRef = E5A20C791710EB2900DB912F /* btn_calmingImagery_btnMode_broken_@2x.png */; };
		E5A20C7F1710FE1700DB912F /* TextViewController.m in Sources */ = {isa = PBXBuildFile; fileRef = E5A20C7E1710FE1700DB912F /* TextViewController.m */; };
		E5A20C831710FEB400DB912F /* RCTwilioHelper.m in Sources */ = {isa = PBXBuildFile; fileRef = E5A20C821710FEB400DB912F /* RCTwilioHelper.m */; };
/* End PBXBuildFile section */

/* Begin PBXFileReference section */
		E51373891711246B00F0F279 /* realityCheck_backgroundGradient@2x.png */ = {isa = PBXFileReference; lastKnownFileType = image.png; path = "realityCheck_backgroundGradient@2x.png"; sourceTree = "<group>"; };
		E513738B171125DE00F0F279 /* realityCheck_loginPage_linkedInLogo.png */ = {isa = PBXFileReference; lastKnownFileType = image.png; path = realityCheck_loginPage_linkedInLogo.png; sourceTree = "<group>"; };
		E513738D171126E000F0F279 /* realityCheck_loginPage_logo.png */ = {isa = PBXFileReference; lastKnownFileType = image.png; path = realityCheck_loginPage_logo.png; sourceTree = "<group>"; };
		E51373911711570F00F0F279 /* btn_realityCheck_btn_confirmYourIdentity_x2.png */ = {isa = PBXFileReference; lastKnownFileType = image.png; path = btn_realityCheck_btn_confirmYourIdentity_x2.png; sourceTree = "<group>"; };
		E51373931711574600F0F279 /* btn_realityCheck_btn_reassuringTextMessages_x2.png */ = {isa = PBXFileReference; lastKnownFileType = image.png; path = btn_realityCheck_btn_reassuringTextMessages_x2.png; sourceTree = "<group>"; };
		E51373951711577F00F0F279 /* btn_realityCheck_btn_playWithPuppies_x2.png */ = {isa = PBXFileReference; lastKnownFileType = image.png; path = btn_realityCheck_btn_playWithPuppies_x2.png; sourceTree = "<group>"; };
		E5137397171157DE00F0F279 /* btn_realityCheck_btn_tripTracker_x2.png */ = {isa = PBXFileReference; lastKnownFileType = image.png; path = btn_realityCheck_btn_tripTracker_x2.png; sourceTree = "<group>"; };
		E5137399171157F900F0F279 /* btn_realityCheck_btn_soothingSoungFlie_x2.png */ = {isa = PBXFileReference; lastKnownFileType = image.png; path = btn_realityCheck_btn_soothingSoungFlie_x2.png; sourceTree = "<group>"; };
		E513739B1711640800F0F279 /* btn_realityCheck_btn_calmingImagery_x2.png */ = {isa = PBXFileReference; lastKnownFileType = image.png; path = btn_realityCheck_btn_calmingImagery_x2.png; sourceTree = "<group>"; };
		E513739F1711671300F0F279 /* realityCheck_menuBarLogo@2x.png */ = {isa = PBXFileReference; lastKnownFileType = image.png; path = "realityCheck_menuBarLogo@2x.png"; sourceTree = "<group>"; };
		E5375FAE1710C122008F378B /* Reality Check.app */ = {isa = PBXFileReference; explicitFileType = wrapper.application; includeInIndex = 0; path = "Reality Check.app"; sourceTree = BUILT_PRODUCTS_DIR; };
		E5375FB11710C122008F378B /* UIKit.framework */ = {isa = PBXFileReference; lastKnownFileType = wrapper.framework; name = UIKit.framework; path = System/Library/Frameworks/UIKit.framework; sourceTree = SDKROOT; };
		E5375FB31710C122008F378B /* Foundation.framework */ = {isa = PBXFileReference; lastKnownFileType = wrapper.framework; name = Foundation.framework; path = System/Library/Frameworks/Foundation.framework; sourceTree = SDKROOT; };
		E5375FB51710C122008F378B /* CoreGraphics.framework */ = {isa = PBXFileReference; lastKnownFileType = wrapper.framework; name = CoreGraphics.framework; path = System/Library/Frameworks/CoreGraphics.framework; sourceTree = SDKROOT; };
		E5375FB91710C122008F378B /* Reality Check-Info.plist */ = {isa = PBXFileReference; lastKnownFileType = text.plist.xml; path = "Reality Check-Info.plist"; sourceTree = "<group>"; };
		E5375FBB1710C122008F378B /* en */ = {isa = PBXFileReference; lastKnownFileType = text.plist.strings; name = en; path = en.lproj/InfoPlist.strings; sourceTree = "<group>"; };
		E5375FBD1710C122008F378B /* main.m */ = {isa = PBXFileReference; lastKnownFileType = sourcecode.c.objc; path = main.m; sourceTree = "<group>"; };
		E5375FBF1710C122008F378B /* Reality Check-Prefix.pch */ = {isa = PBXFileReference; lastKnownFileType = sourcecode.c.h; path = "Reality Check-Prefix.pch"; sourceTree = "<group>"; };
		E5375FC01710C122008F378B /* AppDelegate.h */ = {isa = PBXFileReference; lastKnownFileType = sourcecode.c.h; path = AppDelegate.h; sourceTree = "<group>"; };
		E5375FC11710C122008F378B /* AppDelegate.m */ = {isa = PBXFileReference; lastKnownFileType = sourcecode.c.objc; path = AppDelegate.m; sourceTree = "<group>"; };
		E5375FC31710C122008F378B /* Default.png */ = {isa = PBXFileReference; lastKnownFileType = image.png; path = Default.png; sourceTree = "<group>"; };
		E5375FC51710C122008F378B /* Default@2x.png */ = {isa = PBXFileReference; lastKnownFileType = image.png; path = "Default@2x.png"; sourceTree = "<group>"; };
		E5375FC71710C122008F378B /* Default-568h@2x.png */ = {isa = PBXFileReference; lastKnownFileType = image.png; path = "Default-568h@2x.png"; sourceTree = "<group>"; };
		E5375FCA1710C122008F378B /* en */ = {isa = PBXFileReference; lastKnownFileType = file.storyboard; name = en; path = en.lproj/MainStoryboard.storyboard; sourceTree = "<group>"; };
		E5375FD41710C1AA008F378B /* LoginViewController.h */ = {isa = PBXFileReference; fileEncoding = 4; lastKnownFileType = sourcecode.c.h; path = LoginViewController.h; sourceTree = "<group>"; };
		E5375FD51710C1AA008F378B /* LoginViewController.m */ = {isa = PBXFileReference; fileEncoding = 4; lastKnownFileType = sourcecode.c.objc; path = LoginViewController.m; sourceTree = "<group>"; };
		E5375FD91710C5B1008F378B /* ChoseRealityViewController.h */ = {isa = PBXFileReference; fileEncoding = 4; lastKnownFileType = sourcecode.c.h; path = ChoseRealityViewController.h; sourceTree = "<group>"; };
		E5375FDA1710C5B1008F378B /* ChoseRealityViewController.m */ = {isa = PBXFileReference; fileEncoding = 4; lastKnownFileType = sourcecode.c.objc; path = ChoseRealityViewController.m; sourceTree = "<group>"; };
		E5375FDE1710C7AF008F378B /* Base64Transcoder.c */ = {isa = PBXFileReference; fileEncoding = 4; lastKnownFileType = sourcecode.c.c; path = Base64Transcoder.c; sourceTree = "<group>"; };
		E5375FDF1710C7AF008F378B /* Base64Transcoder.h */ = {isa = PBXFileReference; fileEncoding = 4; lastKnownFileType = sourcecode.c.h; path = Base64Transcoder.h; sourceTree = "<group>"; };
		E5375FE01710C7AF008F378B /* hmac.c */ = {isa = PBXFileReference; fileEncoding = 4; lastKnownFileType = sourcecode.c.c; path = hmac.c; sourceTree = "<group>"; };
		E5375FE11710C7AF008F378B /* hmac.h */ = {isa = PBXFileReference; fileEncoding = 4; lastKnownFileType = sourcecode.c.h; path = hmac.h; sourceTree = "<group>"; };
		E5375FE21710C7AF008F378B /* sha1.c */ = {isa = PBXFileReference; fileEncoding = 4; lastKnownFileType = sourcecode.c.c; path = sha1.c; sourceTree = "<group>"; };
		E5375FE31710C7AF008F378B /* sha1.h */ = {isa = PBXFileReference; fileEncoding = 4; lastKnownFileType = sourcecode.c.h; path = sha1.h; sourceTree = "<group>"; };
		E5375FE71710C7EA008F378B /* NSString+URLEncoding.h */ = {isa = PBXFileReference; fileEncoding = 4; lastKnownFileType = sourcecode.c.h; path = "NSString+URLEncoding.h"; sourceTree = "<group>"; };
		E5375FE81710C7EA008F378B /* NSString+URLEncoding.m */ = {isa = PBXFileReference; fileEncoding = 4; lastKnownFileType = sourcecode.c.objc; path = "NSString+URLEncoding.m"; sourceTree = "<group>"; };
		E5375FE91710C7EA008F378B /* OAuth1Controller.h */ = {isa = PBXFileReference; fileEncoding = 4; lastKnownFileType = sourcecode.c.h; path = OAuth1Controller.h; sourceTree = "<group>"; };
		E5375FEA1710C7EA008F378B /* OAuth1Controller.m */ = {isa = PBXFileReference; fileEncoding = 4; lastKnownFileType = sourcecode.c.objc; path = OAuth1Controller.m; sourceTree = "<group>"; };
		E5375FED1710C889008F378B /* LoginWebViewController.h */ = {isa = PBXFileReference; fileEncoding = 4; lastKnownFileType = sourcecode.c.h; path = LoginWebViewController.h; sourceTree = "<group>"; };
		E5375FEE1710C889008F378B /* LoginWebViewController.m */ = {isa = PBXFileReference; fileEncoding = 4; lastKnownFileType = sourcecode.c.objc; path = LoginWebViewController.m; sourceTree = "<group>"; };
		E5375FF71710D0D4008F378B /* KeychainItemWrapper.h */ = {isa = PBXFileReference; fileEncoding = 4; lastKnownFileType = sourcecode.c.h; path = KeychainItemWrapper.h; sourceTree = "<group>"; };
		E5375FF81710D0D4008F378B /* KeychainItemWrapper.m */ = {isa = PBXFileReference; fileEncoding = 4; lastKnownFileType = sourcecode.c.objc; path = KeychainItemWrapper.m; sourceTree = "<group>"; };
		E5375FFB1710D359008F378B /* Security.framework */ = {isa = PBXFileReference; lastKnownFileType = wrapper.framework; name = Security.framework; path = System/Library/Frameworks/Security.framework; sourceTree = SDKROOT; };
		E5375FFD1710D85B008F378B /* LinkedInViewController.h */ = {isa = PBXFileReference; fileEncoding = 4; lastKnownFileType = sourcecode.c.h; path = LinkedInViewController.h; sourceTree = "<group>"; };
		E5375FFE1710D85B008F378B /* LinkedInViewController.m */ = {isa = PBXFileReference; fileEncoding = 4; lastKnownFileType = sourcecode.c.objc; path = LinkedInViewController.m; sourceTree = "<group>"; };
		E53760011710E038008F378B /* AFHTTPClient.h */ = {isa = PBXFileReference; fileEncoding = 4; lastKnownFileType = sourcecode.c.h; path = AFHTTPClient.h; sourceTree = "<group>"; };
		E53760021710E038008F378B /* AFHTTPClient.m */ = {isa = PBXFileReference; fileEncoding = 4; lastKnownFileType = sourcecode.c.objc; path = AFHTTPClient.m; sourceTree = "<group>"; };
		E53760031710E038008F378B /* AFHTTPRequestOperation.h */ = {isa = PBXFileReference; fileEncoding = 4; lastKnownFileType = sourcecode.c.h; path = AFHTTPRequestOperation.h; sourceTree = "<group>"; };
		E53760041710E038008F378B /* AFHTTPRequestOperation.m */ = {isa = PBXFileReference; fileEncoding = 4; lastKnownFileType = sourcecode.c.objc; path = AFHTTPRequestOperation.m; sourceTree = "<group>"; };
		E53760051710E038008F378B /* AFImageRequestOperation.h */ = {isa = PBXFileReference; fileEncoding = 4; lastKnownFileType = sourcecode.c.h; path = AFImageRequestOperation.h; sourceTree = "<group>"; };
		E53760061710E038008F378B /* AFImageRequestOperation.m */ = {isa = PBXFileReference; fileEncoding = 4; lastKnownFileType = sourcecode.c.objc; path = AFImageRequestOperation.m; sourceTree = "<group>"; };
		E53760071710E038008F378B /* AFJSONRequestOperation.h */ = {isa = PBXFileReference; fileEncoding = 4; lastKnownFileType = sourcecode.c.h; path = AFJSONRequestOperation.h; sourceTree = "<group>"; };
		E53760081710E038008F378B /* AFJSONRequestOperation.m */ = {isa = PBXFileReference; fileEncoding = 4; lastKnownFileType = sourcecode.c.objc; path = AFJSONRequestOperation.m; sourceTree = "<group>"; };
		E53760091710E038008F378B /* AFNetworkActivityIndicatorManager.h */ = {isa = PBXFileReference; fileEncoding = 4; lastKnownFileType = sourcecode.c.h; path = AFNetworkActivityIndicatorManager.h; sourceTree = "<group>"; };
		E537600A1710E038008F378B /* AFNetworkActivityIndicatorManager.m */ = {isa = PBXFileReference; fileEncoding = 4; lastKnownFileType = sourcecode.c.objc; path = AFNetworkActivityIndicatorManager.m; sourceTree = "<group>"; };
		E537600B1710E038008F378B /* AFNetworking.h */ = {isa = PBXFileReference; fileEncoding = 4; lastKnownFileType = sourcecode.c.h; path = AFNetworking.h; sourceTree = "<group>"; };
		E537600C1710E038008F378B /* AFPropertyListRequestOperation.h */ = {isa = PBXFileReference; fileEncoding = 4; lastKnownFileType = sourcecode.c.h; path = AFPropertyListRequestOperation.h; sourceTree = "<group>"; };
		E537600D1710E038008F378B /* AFPropertyListRequestOperation.m */ = {isa = PBXFileReference; fileEncoding = 4; lastKnownFileType = sourcecode.c.objc; path = AFPropertyListRequestOperation.m; sourceTree = "<group>"; };
		E537600E1710E038008F378B /* AFURLConnectionOperation.h */ = {isa = PBXFileReference; fileEncoding = 4; lastKnownFileType = sourcecode.c.h; path = AFURLConnectionOperation.h; sourceTree = "<group>"; };
		E537600F1710E038008F378B /* AFURLConnectionOperation.m */ = {isa = PBXFileReference; fileEncoding = 4; lastKnownFileType = sourcecode.c.objc; path = AFURLConnectionOperation.m; sourceTree = "<group>"; };
		E53760101710E038008F378B /* AFXMLRequestOperation.h */ = {isa = PBXFileReference; fileEncoding = 4; lastKnownFileType = sourcecode.c.h; path = AFXMLRequestOperation.h; sourceTree = "<group>"; };
		E53760111710E038008F378B /* AFXMLRequestOperation.m */ = {isa = PBXFileReference; fileEncoding = 4; lastKnownFileType = sourcecode.c.objc; path = AFXMLRequestOperation.m; sourceTree = "<group>"; };
		E53760121710E038008F378B /* UIImageView+AFNetworking.h */ = {isa = PBXFileReference; fileEncoding = 4; lastKnownFileType = sourcecode.c.h; path = "UIImageView+AFNetworking.h"; sourceTree = "<group>"; };
		E53760131710E038008F378B /* UIImageView+AFNetworking.m */ = {isa = PBXFileReference; fileEncoding = 4; lastKnownFileType = sourcecode.c.objc; path = "UIImageView+AFNetworking.m"; sourceTree = "<group>"; };
		E53760231710E354008F378B /* RCLinkedInHelper.h */ = {isa = PBXFileReference; fileEncoding = 4; lastKnownFileType = sourcecode.c.h; path = RCLinkedInHelper.h; sourceTree = "<group>"; };
		E53760241710E354008F378B /* RCLinkedInHelper.m */ = {isa = PBXFileReference; fileEncoding = 4; lastKnownFileType = sourcecode.c.objc; path = RCLinkedInHelper.m; sourceTree = "<group>"; };
		E53760261710E73F008F378B /* MobileCoreServices.framework */ = {isa = PBXFileReference; lastKnownFileType = wrapper.framework; name = MobileCoreServices.framework; path = System/Library/Frameworks/MobileCoreServices.framework; sourceTree = SDKROOT; };
		E53760281710E76A008F378B /* SystemConfiguration.framework */ = {isa = PBXFileReference; lastKnownFileType = wrapper.framework; name = SystemConfiguration.framework; path = System/Library/Frameworks/SystemConfiguration.framework; sourceTree = SDKROOT; };
		E5767FFB1711166F00DCC1E4 /* PuppiesViewController.h */ = {isa = PBXFileReference; fileEncoding = 4; lastKnownFileType = sourcecode.c.h; path = PuppiesViewController.h; sourceTree = "<group>"; };
		E5767FFC1711166F00DCC1E4 /* PuppiesViewController.m */ = {isa = PBXFileReference; fileEncoding = 4; lastKnownFileType = sourcecode.c.objc; path = PuppiesViewController.m; sourceTree = "<group>"; };
		E5A20C791710EB2900DB912F /* btn_calmingImagery_btnMode_broken_@2x.png */ = {isa = PBXFileReference; lastKnownFileType = image.png; path = "btn_calmingImagery_btnMode_broken_@2x.png"; sourceTree = "<group>"; };
		E5A20C7D1710FE1700DB912F /* TextViewController.h */ = {isa = PBXFileReference; fileEncoding = 4; lastKnownFileType = sourcecode.c.h; path = TextViewController.h; sourceTree = "<group>"; };
		E5A20C7E1710FE1700DB912F /* TextViewController.m */ = {isa = PBXFileReference; fileEncoding = 4; lastKnownFileType = sourcecode.c.objc; path = TextViewController.m; sourceTree = "<group>"; };
		E5A20C811710FEB400DB912F /* RCTwilioHelper.h */ = {isa = PBXFileReference; fileEncoding = 4; lastKnownFileType = sourcecode.c.h; path = RCTwilioHelper.h; sourceTree = "<group>"; };
		E5A20C821710FEB400DB912F /* RCTwilioHelper.m */ = {isa = PBXFileReference; fileEncoding = 4; lastKnownFileType = sourcecode.c.objc; path = RCTwilioHelper.m; sourceTree = "<group>"; };
/* End PBXFileReference section */

/* Begin PBXFrameworksBuildPhase section */
		E5375FAB1710C122008F378B /* Frameworks */ = {
			isa = PBXFrameworksBuildPhase;
			buildActionMask = 2147483647;
			files = (
				E53760291710E76A008F378B /* SystemConfiguration.framework in Frameworks */,
				E53760271710E73F008F378B /* MobileCoreServices.framework in Frameworks */,
				E5375FFC1710D359008F378B /* Security.framework in Frameworks */,
				E5375FB21710C122008F378B /* UIKit.framework in Frameworks */,
				E5375FB41710C122008F378B /* Foundation.framework in Frameworks */,
				E5375FB61710C122008F378B /* CoreGraphics.framework in Frameworks */,
			);
			runOnlyForDeploymentPostprocessing = 0;
		};
/* End PBXFrameworksBuildPhase section */

/* Begin PBXGroup section */
		E51373851711243900F0F279 /* Login Screen */ = {
			isa = PBXGroup;
			children = (
				E513738D171126E000F0F279 /* realityCheck_loginPage_logo.png */,
				E513738B171125DE00F0F279 /* realityCheck_loginPage_linkedInLogo.png */,
			);
			name = "Login Screen";
			sourceTree = "<group>";
		};
		E51373881711245700F0F279 /* Images */ = {
			isa = PBXGroup;
			children = (
				E513739F1711671300F0F279 /* realityCheck_menuBarLogo@2x.png */,
				E51373891711246B00F0F279 /* realityCheck_backgroundGradient@2x.png */,
				E5A20C7C1710EB2E00DB912F /* ChoseReality Screen */,
				E51373851711243900F0F279 /* Login Screen */,
			);
			name = Images;
			sourceTree = "<group>";
		};
		E5375FA51710C121008F378B = {
			isa = PBXGroup;
			children = (
				E5375FC91710C122008F378B /* MainStoryboard.storyboard */,
				E5375FB71710C122008F378B /* Trip Insurance */,
				E5375FB01710C122008F378B /* Frameworks */,
				E5375FAF1710C122008F378B /* Products */,
			);
			sourceTree = "<group>";
		};
		E5375FAF1710C122008F378B /* Products */ = {
			isa = PBXGroup;
			children = (
				E5375FAE1710C122008F378B /* Reality Check.app */,
			);
			name = Products;
			sourceTree = "<group>";
		};
		E5375FB01710C122008F378B /* Frameworks */ = {
			isa = PBXGroup;
			children = (
				E53760281710E76A008F378B /* SystemConfiguration.framework */,
				E53760261710E73F008F378B /* MobileCoreServices.framework */,
				E5375FFB1710D359008F378B /* Security.framework */,
				E5375FB11710C122008F378B /* UIKit.framework */,
				E5375FB31710C122008F378B /* Foundation.framework */,
				E5375FB51710C122008F378B /* CoreGraphics.framework */,
			);
			name = Frameworks;
			sourceTree = "<group>";
		};
		E5375FB71710C122008F378B /* Trip Insurance */ = {
			isa = PBXGroup;
			children = (
				E5375FFA1710D0D8008F378B /* Vendor */,
				E5375FD41710C1AA008F378B /* LoginViewController.h */,
				E5375FD51710C1AA008F378B /* LoginViewController.m */,
				E5375FED1710C889008F378B /* LoginWebViewController.h */,
				E5375FEE1710C889008F378B /* LoginWebViewController.m */,
				E5375FD91710C5B1008F378B /* ChoseRealityViewController.h */,
				E5375FDA1710C5B1008F378B /* ChoseRealityViewController.m */,
				E5A20C801710FE2400DB912F /* Reality View Controllers */,
				E53760231710E354008F378B /* RCLinkedInHelper.h */,
				E53760241710E354008F378B /* RCLinkedInHelper.m */,
				E5A20C811710FEB400DB912F /* RCTwilioHelper.h */,
				E5A20C821710FEB400DB912F /* RCTwilioHelper.m */,
				E5375FB81710C122008F378B /* Supporting Files */,
			);
			path = "Trip Insurance";
			sourceTree = "<group>";
		};
		E5375FB81710C122008F378B /* Supporting Files */ = {
			isa = PBXGroup;
			children = (
				E51373881711245700F0F279 /* Images */,
				E5375FC01710C122008F378B /* AppDelegate.h */,
				E5375FC11710C122008F378B /* AppDelegate.m */,
				E5375FB91710C122008F378B /* Reality Check-Info.plist */,
				E5375FBA1710C122008F378B /* InfoPlist.strings */,
				E5375FBD1710C122008F378B /* main.m */,
				E5375FBF1710C122008F378B /* Reality Check-Prefix.pch */,
				E5375FC31710C122008F378B /* Default.png */,
				E5375FC51710C122008F378B /* Default@2x.png */,
				E5375FC71710C122008F378B /* Default-568h@2x.png */,
			);
			name = "Supporting Files";
			sourceTree = "<group>";
		};
		E5375FDC1710C79C008F378B /* Login OAuth */ = {
			isa = PBXGroup;
			children = (
				E5375FE71710C7EA008F378B /* NSString+URLEncoding.h */,
				E5375FE81710C7EA008F378B /* NSString+URLEncoding.m */,
				E5375FE91710C7EA008F378B /* OAuth1Controller.h */,
				E5375FEA1710C7EA008F378B /* OAuth1Controller.m */,
				E5375FDD1710C7AF008F378B /* Crypto */,
			);
			name = "Login OAuth";
			sourceTree = "<group>";
		};
		E5375FDD1710C7AF008F378B /* Crypto */ = {
			isa = PBXGroup;
			children = (
				E5375FDE1710C7AF008F378B /* Base64Transcoder.c */,
				E5375FDF1710C7AF008F378B /* Base64Transcoder.h */,
				E5375FE01710C7AF008F378B /* hmac.c */,
				E5375FE11710C7AF008F378B /* hmac.h */,
				E5375FE21710C7AF008F378B /* sha1.c */,
				E5375FE31710C7AF008F378B /* sha1.h */,
			);
			path = Crypto;
			sourceTree = "<group>";
		};
		E5375FF61710D0D3008F378B /* KeyChainItemWrapper */ = {
			isa = PBXGroup;
			children = (
				E5375FF71710D0D4008F378B /* KeychainItemWrapper.h */,
				E5375FF81710D0D4008F378B /* KeychainItemWrapper.m */,
			);
			path = KeyChainItemWrapper;
			sourceTree = "<group>";
		};
		E5375FFA1710D0D8008F378B /* Vendor */ = {
			isa = PBXGroup;
			children = (
				E53760001710E038008F378B /* AFNetworking */,
				E5375FF61710D0D3008F378B /* KeyChainItemWrapper */,
				E5375FDC1710C79C008F378B /* Login OAuth */,
			);
			name = Vendor;
			sourceTree = "<group>";
		};
		E53760001710E038008F378B /* AFNetworking */ = {
			isa = PBXGroup;
			children = (
				E53760011710E038008F378B /* AFHTTPClient.h */,
				E53760021710E038008F378B /* AFHTTPClient.m */,
				E53760031710E038008F378B /* AFHTTPRequestOperation.h */,
				E53760041710E038008F378B /* AFHTTPRequestOperation.m */,
				E53760051710E038008F378B /* AFImageRequestOperation.h */,
				E53760061710E038008F378B /* AFImageRequestOperation.m */,
				E53760071710E038008F378B /* AFJSONRequestOperation.h */,
				E53760081710E038008F378B /* AFJSONRequestOperation.m */,
				E53760091710E038008F378B /* AFNetworkActivityIndicatorManager.h */,
				E537600A1710E038008F378B /* AFNetworkActivityIndicatorManager.m */,
				E537600B1710E038008F378B /* AFNetworking.h */,
				E537600C1710E038008F378B /* AFPropertyListRequestOperation.h */,
				E537600D1710E038008F378B /* AFPropertyListRequestOperation.m */,
				E537600E1710E038008F378B /* AFURLConnectionOperation.h */,
				E537600F1710E038008F378B /* AFURLConnectionOperation.m */,
				E53760101710E038008F378B /* AFXMLRequestOperation.h */,
				E53760111710E038008F378B /* AFXMLRequestOperation.m */,
				E53760121710E038008F378B /* UIImageView+AFNetworking.h */,
				E53760131710E038008F378B /* UIImageView+AFNetworking.m */,
			);
			path = AFNetworking;
			sourceTree = "<group>";
		};
		E5A20C7C1710EB2E00DB912F /* ChoseReality Screen */ = {
			isa = PBXGroup;
			children = (
				E51373911711570F00F0F279 /* btn_realityCheck_btn_confirmYourIdentity_x2.png */,
				E5137397171157DE00F0F279 /* btn_realityCheck_btn_tripTracker_x2.png */,
				E51373931711574600F0F279 /* btn_realityCheck_btn_reassuringTextMessages_x2.png */,
				E51373951711577F00F0F279 /* btn_realityCheck_btn_playWithPuppies_x2.png */,
				E513739B1711640800F0F279 /* btn_realityCheck_btn_calmingImagery_x2.png */,
				E5137399171157F900F0F279 /* btn_realityCheck_btn_soothingSoungFlie_x2.png */,
				E5A20C791710EB2900DB912F /* btn_calmingImagery_btnMode_broken_@2x.png */,
			);
			name = "ChoseReality Screen";
			sourceTree = "<group>";
		};
		E5A20C801710FE2400DB912F /* Reality View Controllers */ = {
			isa = PBXGroup;
			children = (
				E5375FFD1710D85B008F378B /* LinkedInViewController.h */,
				E5375FFE1710D85B008F378B /* LinkedInViewController.m */,
				E5A20C7D1710FE1700DB912F /* TextViewController.h */,
				E5A20C7E1710FE1700DB912F /* TextViewController.m */,
				E5767FFB1711166F00DCC1E4 /* PuppiesViewController.h */,
				E5767FFC1711166F00DCC1E4 /* PuppiesViewController.m */,
			);
			name = "Reality View Controllers";
			sourceTree = "<group>";
		};
/* End PBXGroup section */

/* Begin PBXNativeTarget section */
		E5375FAD1710C122008F378B /* Reality Check */ = {
			isa = PBXNativeTarget;
			buildConfigurationList = E5375FD11710C122008F378B /* Build configuration list for PBXNativeTarget "Reality Check" */;
			buildPhases = (
				E5375FAA1710C122008F378B /* Sources */,
				E5375FAB1710C122008F378B /* Frameworks */,
				E5375FAC1710C122008F378B /* Resources */,
			);
			buildRules = (
			);
			dependencies = (
			);
			name = "Reality Check";
			productName = "Trip Insurance";
			productReference = E5375FAE1710C122008F378B /* Reality Check.app */;
			productType = "com.apple.product-type.application";
		};
/* End PBXNativeTarget section */

/* Begin PBXProject section */
		E5375FA61710C121008F378B /* Project object */ = {
			isa = PBXProject;
			attributes = {
				LastUpgradeCheck = 0460;
				ORGANIZATIONNAME = ComedyHack;
			};
			buildConfigurationList = E5375FA91710C121008F378B /* Build configuration list for PBXProject "Reality Check" */;
			compatibilityVersion = "Xcode 3.2";
			developmentRegion = English;
			hasScannedForEncodings = 0;
			knownRegions = (
				en,
			);
			mainGroup = E5375FA51710C121008F378B;
			productRefGroup = E5375FAF1710C122008F378B /* Products */;
			projectDirPath = "";
			projectRoot = "";
			targets = (
				E5375FAD1710C122008F378B /* Reality Check */,
			);
		};
/* End PBXProject section */

/* Begin PBXResourcesBuildPhase section */
		E5375FAC1710C122008F378B /* Resources */ = {
			isa = PBXResourcesBuildPhase;
			buildActionMask = 2147483647;
			files = (
				E5375FBC1710C122008F378B /* InfoPlist.strings in Resources */,
				E5375FC41710C122008F378B /* Default.png in Resources */,
				E5375FC61710C122008F378B /* Default@2x.png in Resources */,
				E5375FC81710C122008F378B /* Default-568h@2x.png in Resources */,
				E5375FCB1710C122008F378B /* MainStoryboard.storyboard in Resources */,
				E5A20C7B1710EB2900DB912F /* btn_calmingImagery_btnMode_broken_@2x.png in Resources */,
				E513738A1711246B00F0F279 /* realityCheck_backgroundGradient@2x.png in Resources */,
				E513738C171125DE00F0F279 /* realityCheck_loginPage_linkedInLogo.png in Resources */,
				E513738E171126E000F0F279 /* realityCheck_loginPage_logo.png in Resources */,
				E51373921711570F00F0F279 /* btn_realityCheck_btn_confirmYourIdentity_x2.png in Resources */,
				E51373941711574600F0F279 /* btn_realityCheck_btn_reassuringTextMessages_x2.png in Resources */,
				E51373961711577F00F0F279 /* btn_realityCheck_btn_playWithPuppies_x2.png in Resources */,
				E5137398171157DE00F0F279 /* btn_realityCheck_btn_tripTracker_x2.png in Resources */,
				E513739A171157F900F0F279 /* btn_realityCheck_btn_soothingSoungFlie_x2.png in Resources */,
				E513739C1711640800F0F279 /* btn_realityCheck_btn_calmingImagery_x2.png in Resources */,
				E51373A01711671300F0F279 /* realityCheck_menuBarLogo@2x.png in Resources */,
			);
			runOnlyForDeploymentPostprocessing = 0;
		};
/* End PBXResourcesBuildPhase section */

/* Begin PBXSourcesBuildPhase section */
		E5375FAA1710C122008F378B /* Sources */ = {
			isa = PBXSourcesBuildPhase;
			buildActionMask = 2147483647;
			files = (
				E5375FBE1710C122008F378B /* main.m in Sources */,
				E5375FC21710C122008F378B /* AppDelegate.m in Sources */,
				E5375FD61710C1AA008F378B /* LoginViewController.m in Sources */,
				E5375FDB1710C5B1008F378B /* ChoseRealityViewController.m in Sources */,
				E5375FE41710C7AF008F378B /* Base64Transcoder.c in Sources */,
				E5375FE51710C7AF008F378B /* hmac.c in Sources */,
				E5375FE61710C7AF008F378B /* sha1.c in Sources */,
				E5375FEB1710C7EA008F378B /* NSString+URLEncoding.m in Sources */,
				E5375FEC1710C7EA008F378B /* OAuth1Controller.m in Sources */,
				E5375FEF1710C88A008F378B /* LoginWebViewController.m in Sources */,
				E5375FF91710D0D4008F378B /* KeychainItemWrapper.m in Sources */,
				E5375FFF1710D85B008F378B /* LinkedInViewController.m in Sources */,
				E53760141710E038008F378B /* AFHTTPClient.m in Sources */,
				E53760151710E038008F378B /* AFHTTPRequestOperation.m in Sources */,
				E53760161710E038008F378B /* AFImageRequestOperation.m in Sources */,
				E53760171710E038008F378B /* AFJSONRequestOperation.m in Sources */,
				E53760181710E038008F378B /* AFNetworkActivityIndicatorManager.m in Sources */,
				E53760191710E038008F378B /* AFPropertyListRequestOperation.m in Sources */,
				E537601A1710E038008F378B /* AFURLConnectionOperation.m in Sources */,
				E537601B1710E038008F378B /* AFXMLRequestOperation.m in Sources */,
				E537601C1710E038008F378B /* UIImageView+AFNetworking.m in Sources */,
				E53760251710E355008F378B /* RCLinkedInHelper.m in Sources */,
				E5A20C7F1710FE1700DB912F /* TextViewController.m in Sources */,
				E5A20C831710FEB400DB912F /* RCTwilioHelper.m in Sources */,
				E5767FFD1711166F00DCC1E4 /* PuppiesViewController.m in Sources */,
			);
			runOnlyForDeploymentPostprocessing = 0;
		};
/* End PBXSourcesBuildPhase section */

/* Begin PBXVariantGroup section */
		E5375FBA1710C122008F378B /* InfoPlist.strings */ = {
			isa = PBXVariantGroup;
			children = (
				E5375FBB1710C122008F378B /* en */,
			);
			name = InfoPlist.strings;
			sourceTree = "<group>";
		};
		E5375FC91710C122008F378B /* MainStoryboard.storyboard */ = {
			isa = PBXVariantGroup;
			children = (
				E5375FCA1710C122008F378B /* en */,
			);
			name = MainStoryboard.storyboard;
			path = "Trip Insurance";
			sourceTree = "<group>";
		};
/* End PBXVariantGroup section */

/* Begin XCBuildConfiguration section */
		E5375FCF1710C122008F378B /* Debug */ = {
			isa = XCBuildConfiguration;
			buildSettings = {
				ALWAYS_SEARCH_USER_PATHS = NO;
				CLANG_CXX_LANGUAGE_STANDARD = "gnu++0x";
				CLANG_CXX_LIBRARY = "libc++";
				CLANG_ENABLE_OBJC_ARC = YES;
				CLANG_WARN_CONSTANT_CONVERSION = YES;
				CLANG_WARN_EMPTY_BODY = YES;
				CLANG_WARN_ENUM_CONVERSION = YES;
				CLANG_WARN_INT_CONVERSION = YES;
				CLANG_WARN__DUPLICATE_METHOD_MATCH = YES;
				"CODE_SIGN_IDENTITY[sdk=iphoneos*]" = "iPhone Developer";
				COPY_PHASE_STRIP = NO;
				GCC_C_LANGUAGE_STANDARD = gnu99;
				GCC_DYNAMIC_NO_PIC = NO;
				GCC_OPTIMIZATION_LEVEL = 0;
				GCC_PREPROCESSOR_DEFINITIONS = (
					"DEBUG=1",
					"$(inherited)",
				);
				GCC_SYMBOLS_PRIVATE_EXTERN = NO;
				GCC_WARN_ABOUT_RETURN_TYPE = YES;
				GCC_WARN_UNINITIALIZED_AUTOS = YES;
				GCC_WARN_UNUSED_VARIABLE = YES;
				IPHONEOS_DEPLOYMENT_TARGET = 6.1;
				ONLY_ACTIVE_ARCH = YES;
				SDKROOT = iphoneos;
			};
			name = Debug;
		};
		E5375FD01710C122008F378B /* Release */ = {
			isa = XCBuildConfiguration;
			buildSettings = {
				ALWAYS_SEARCH_USER_PATHS = NO;
				CLANG_CXX_LANGUAGE_STANDARD = "gnu++0x";
				CLANG_CXX_LIBRARY = "libc++";
				CLANG_ENABLE_OBJC_ARC = YES;
				CLANG_WARN_CONSTANT_CONVERSION = YES;
				CLANG_WARN_EMPTY_BODY = YES;
				CLANG_WARN_ENUM_CONVERSION = YES;
				CLANG_WARN_INT_CONVERSION = YES;
				CLANG_WARN__DUPLICATE_METHOD_MATCH = YES;
				"CODE_SIGN_IDENTITY[sdk=iphoneos*]" = "iPhone Developer";
				COPY_PHASE_STRIP = YES;
				GCC_C_LANGUAGE_STANDARD = gnu99;
				GCC_WARN_ABOUT_RETURN_TYPE = YES;
				GCC_WARN_UNINITIALIZED_AUTOS = YES;
				GCC_WARN_UNUSED_VARIABLE = YES;
				IPHONEOS_DEPLOYMENT_TARGET = 6.1;
				OTHER_CFLAGS = "-DNS_BLOCK_ASSERTIONS=1";
				SDKROOT = iphoneos;
				VALIDATE_PRODUCT = YES;
			};
			name = Release;
		};
		E5375FD21710C122008F378B /* Debug */ = {
			isa = XCBuildConfiguration;
			buildSettings = {
				FRAMEWORK_SEARCH_PATHS = (
					"$(inherited)",
					"\"$(SRCROOT)/../../../Documents/FacebookSDK\"",
				);
				GCC_PRECOMPILE_PREFIX_HEADER = YES;
				GCC_PREFIX_HEADER = "Trip Insurance/Reality Check-Prefix.pch";
				INFOPLIST_FILE = "Trip Insurance/Reality Check-Info.plist";
				PRODUCT_NAME = "Reality Check";
				WRAPPER_EXTENSION = app;
			};
			name = Debug;
		};
		E5375FD31710C122008F378B /* Release */ = {
			isa = XCBuildConfiguration;
			buildSettings = {
				FRAMEWORK_SEARCH_PATHS = (
					"$(inherited)",
					"\"$(SRCROOT)/../../../Documents/FacebookSDK\"",
				);
				GCC_PRECOMPILE_PREFIX_HEADER = YES;
				GCC_PREFIX_HEADER = "Trip Insurance/Reality Check-Prefix.pch";
				INFOPLIST_FILE = "Trip Insurance/Reality Check-Info.plist";
				PRODUCT_NAME = "Reality Check";
				WRAPPER_EXTENSION = app;
			};
			name = Release;
		};
/* End XCBuildConfiguration section */

/* Begin XCConfigurationList section */
		E5375FA91710C121008F378B /* Build configuration list for PBXProject "Reality Check" */ = {
			isa = XCConfigurationList;
			buildConfigurations = (
				E5375FCF1710C122008F378B /* Debug */,
				E5375FD01710C122008F378B /* Release */,
			);
			defaultConfigurationIsVisible = 0;
			defaultConfigurationName = Release;
		};
		E5375FD11710C122008F378B /* Build configuration list for PBXNativeTarget "Reality Check" */ = {
			isa = XCConfigurationList;
			buildConfigurations = (
				E5375FD21710C122008F378B /* Debug */,
				E5375FD31710C122008F378B /* Release */,
			);
			defaultConfigurationIsVisible = 0;
			defaultConfigurationName = Release;
		};
/* End XCConfigurationList section */
	};
	rootObject = E5375FA61710C121008F378B /* Project object */;
}
